
Microsoft Visual Studio Solution File, Format Version 12.00
# Visual Studio 14
VisualStudioVersion = 14.0.25420.1
MinimumVisualStudioVersion = 10.0.40219.1
Project("{FAE04EC0-301F-11D3-BF4B-00C04F79EFBC}") = "CsvTextEditor", "CsvTextEditor\CsvTextEditor.csproj", "{768CCB78-F19F-4BE8-B14B-C84E9AC9F0B3}"
EndProject
Project("{2150E333-8FDC-42A3-9474-1A3956D46DE8}") = "misc", "misc", "{60FB727D-A797-4908-AEDF-0CDC78D0A327}"
	ProjectSection(SolutionItems) = preProject
		CsvTextEditor.sln.DotSettings = CsvTextEditor.sln.DotSettings
		nuget.config = nuget.config
		Settings.StyleCop = Settings.StyleCop
		SolutionAssemblyInfo.cs = SolutionAssemblyInfo.cs
	EndProjectSection
EndProject
Project("{2150E333-8FDC-42A3-9474-1A3956D46DE8}") = "src", "src", "{96428619-7BFF-43C8-ADA7-E7B7C699293A}"
EndProject
Project("{2150E333-8FDC-42A3-9474-1A3956D46DE8}") = "App", "App", "{F61D7A6D-9351-44E9-A980-CDB5C429B01D}"
EndProject
Global
	GlobalSection(SolutionConfigurationPlatforms) = preSolution
		Debug|Any CPU = Debug|Any CPU
		Release|Any CPU = Release|Any CPU
	EndGlobalSection
	GlobalSection(ProjectConfigurationPlatforms) = postSolution
		{768CCB78-F19F-4BE8-B14B-C84E9AC9F0B3}.Debug|Any CPU.ActiveCfg = Debug|Any CPU
		{768CCB78-F19F-4BE8-B14B-C84E9AC9F0B3}.Debug|Any CPU.Build.0 = Debug|Any CPU
		{768CCB78-F19F-4BE8-B14B-C84E9AC9F0B3}.Release|Any CPU.ActiveCfg = Release|Any CPU
		{768CCB78-F19F-4BE8-B14B-C84E9AC9F0B3}.Release|Any CPU.Build.0 = Release|Any CPU
	EndGlobalSection
	GlobalSection(SolutionProperties) = preSolution
		HideSolutionNode = FALSE
	EndGlobalSection
	GlobalSection(NestedProjects) = preSolution
		{768CCB78-F19F-4BE8-B14B-C84E9AC9F0B3} = {F61D7A6D-9351-44E9-A980-CDB5C429B01D}
		{F61D7A6D-9351-44E9-A980-CDB5C429B01D} = {96428619-7BFF-43C8-ADA7-E7B7C699293A}
	EndGlobalSection
EndGlobal
