
Microsoft Visual Studio Solution File, Format Version 12.00
# Visual Studio 15
VisualStudioVersion = 15.0.26020.0
MinimumVisualStudioVersion = 10.0.40219.1
Project("{FAE04EC0-301F-11D3-BF4B-00C04F79EFBC}") = "CsvTextEditor", "CsvTextEditor\CsvTextEditor.csproj", "{768CCB78-F19F-4BE8-B14B-C84E9AC9F0B3}"
EndProject
Project("{2150E333-8FDC-42A3-9474-1A3956D46DE8}") = "misc", "misc", "{60FB727D-A797-4908-AEDF-0CDC78D0A327}"
	ProjectSection(SolutionItems) = preProject
		CsvTextEditor.sln.DotSettings = CsvTextEditor.sln.DotSettings
		GlobalSuppressions.cs = GlobalSuppressions.cs
		nuget.config = nuget.config
		Settings.StyleCop = Settings.StyleCop
		SolutionAssemblyInfo.cs = SolutionAssemblyInfo.cs
	EndProjectSection
EndProject
Project("{2150E333-8FDC-42A3-9474-1A3956D46DE8}") = "src", "src", "{96428619-7BFF-43C8-ADA7-E7B7C699293A}"
EndProject
Project("{2150E333-8FDC-42A3-9474-1A3956D46DE8}") = "App", "App", "{F61D7A6D-9351-44E9-A980-CDB5C429B01D}"
EndProject
Project("{FAE04EC0-301F-11D3-BF4B-00C04F79EFBC}") = "Orc.CsvTextEditor", "Orc.CsvTextEditor\Orc.CsvTextEditor.csproj", "{D9E327C4-4710-4EDB-9464-586B1A526E71}"
EndProject
Project("{2150E333-8FDC-42A3-9474-1A3956D46DE8}") = "Tests", "Tests", "{B9C7A403-F0AC-43FA-8FA0-DC0FE9E34405}"
EndProject
Project("{2150E333-8FDC-42A3-9474-1A3956D46DE8}") = "Components", "Components", "{9748E4BE-A531-4AD2-8899-51B2B18DF158}"
EndProject
Project("{FAE04EC0-301F-11D3-BF4B-00C04F79EFBC}") = "CsvTextEditor.Tests", "CsvTextEditor.Tests\CsvTextEditor.Tests.csproj", "{0AAC6BF9-69E9-4407-9962-7366D22DFC72}"
EndProject
Global
	GlobalSection(SolutionConfigurationPlatforms) = preSolution
		Debug|Any CPU = Debug|Any CPU
		Release|Any CPU = Release|Any CPU
	EndGlobalSection
	GlobalSection(ProjectConfigurationPlatforms) = postSolution
		{768CCB78-F19F-4BE8-B14B-C84E9AC9F0B3}.Debug|Any CPU.ActiveCfg = Debug|Any CPU
		{768CCB78-F19F-4BE8-B14B-C84E9AC9F0B3}.Debug|Any CPU.Build.0 = Debug|Any CPU
		{768CCB78-F19F-4BE8-B14B-C84E9AC9F0B3}.Release|Any CPU.ActiveCfg = Release|Any CPU
		{768CCB78-F19F-4BE8-B14B-C84E9AC9F0B3}.Release|Any CPU.Build.0 = Release|Any CPU
		{D9E327C4-4710-4EDB-9464-586B1A526E71}.Debug|Any CPU.ActiveCfg = Debug|Any CPU
		{D9E327C4-4710-4EDB-9464-586B1A526E71}.Debug|Any CPU.Build.0 = Debug|Any CPU
		{D9E327C4-4710-4EDB-9464-586B1A526E71}.Release|Any CPU.ActiveCfg = Release|Any CPU
		{D9E327C4-4710-4EDB-9464-586B1A526E71}.Release|Any CPU.Build.0 = Release|Any CPU
		{0AAC6BF9-69E9-4407-9962-7366D22DFC72}.Debug|Any CPU.ActiveCfg = Debug|Any CPU
		{0AAC6BF9-69E9-4407-9962-7366D22DFC72}.Debug|Any CPU.Build.0 = Debug|Any CPU
		{0AAC6BF9-69E9-4407-9962-7366D22DFC72}.Release|Any CPU.ActiveCfg = Release|Any CPU
		{0AAC6BF9-69E9-4407-9962-7366D22DFC72}.Release|Any CPU.Build.0 = Release|Any CPU
	EndGlobalSection
	GlobalSection(SolutionProperties) = preSolution
		HideSolutionNode = FALSE
	EndGlobalSection
	GlobalSection(NestedProjects) = preSolution
		{768CCB78-F19F-4BE8-B14B-C84E9AC9F0B3} = {F61D7A6D-9351-44E9-A980-CDB5C429B01D}
		{F61D7A6D-9351-44E9-A980-CDB5C429B01D} = {96428619-7BFF-43C8-ADA7-E7B7C699293A}
		{D9E327C4-4710-4EDB-9464-586B1A526E71} = {9748E4BE-A531-4AD2-8899-51B2B18DF158}
		{B9C7A403-F0AC-43FA-8FA0-DC0FE9E34405} = {96428619-7BFF-43C8-ADA7-E7B7C699293A}
		{9748E4BE-A531-4AD2-8899-51B2B18DF158} = {96428619-7BFF-43C8-ADA7-E7B7C699293A}
		{0AAC6BF9-69E9-4407-9962-7366D22DFC72} = {B9C7A403-F0AC-43FA-8FA0-DC0FE9E34405}
	EndGlobalSection
EndGlobal
